
Microsoft Visual Studio Solution File, Format Version 12.00
# Visual Studio Version 17
VisualStudioVersion = 17.2.32616.157
MinimumVisualStudioVersion = 10.0.40219.1
Project("{2150E333-8FDC-42A3-9474-1A3956D46DE8}") = "be", "be", "{A5A7A252-17AD-4DE9-B0CD-7EACD667806E}"
EndProject
Project("{2150E333-8FDC-42A3-9474-1A3956D46DE8}") = "DocumentManagement", "DocumentManagement", "{EE0757AA-C7C2-4C9E-9E41-28FC75CF31DB}"
EndProject
Project("{9A19103F-16F7-4668-BE54-9A1E7A4F7556}") = "WHO.BioHub.DocumentManagement.API.Http", "be\src\DocumentManagement\WHO.BioHub.DocumentManagement.API.Http\WHO.BioHub.DocumentManagement.API.Http.csproj", "{44D07AB0-F1BD-437C-96EE-6498AB4C1D7E}"
EndProject
Project("{9A19103F-16F7-4668-BE54-9A1E7A4F7556}") = "WHO.BioHub.DocumentManagement.Core", "be\src\DocumentManagement\WHO.BioHub.DocumentManagement.Core\WHO.BioHub.DocumentManagement.Core.csproj", "{1E48399B-EBBD-473F-A308-0FEB479B1889}"
EndProject
Project("{2150E333-8FDC-42A3-9474-1A3956D46DE8}") = "DataManagement", "DataManagement", "{8783CA27-086F-4464-901D-886360400851}"
EndProject
Project("{9A19103F-16F7-4668-BE54-9A1E7A4F7556}") = "WHO.BioHub.DataManagement.API.Http", "be\src\DataManagement\WHO.BioHub.DataManagement.API.Http\WHO.BioHub.DataManagement.API.Http.csproj", "{F538FCC6-1346-4339-AC60-94F57EBF1DCF}"
EndProject
Project("{9A19103F-16F7-4668-BE54-9A1E7A4F7556}") = "WHO.BioHub.DataManagement.Core", "be\src\DataManagement\WHO.BioHub.DataManagement.Core\WHO.BioHub.DataManagement.Core.csproj", "{23D0C054-1CB3-4854-94CA-BB3AE20C3579}"
EndProject
Project("{9A19103F-16F7-4668-BE54-9A1E7A4F7556}") = "WHO.BioHub.DataManagement.FunctionApp", "be\src\DataManagement\WHO.BioHub.DataManagement.FunctionApp\WHO.BioHub.DataManagement.FunctionApp.csproj", "{BC358013-0011-46D0-9E9F-D7378A3412D8}"
EndProject
Project("{9A19103F-16F7-4668-BE54-9A1E7A4F7556}") = "WHO.BioHub.API.Http.Extensions", "be\src\WHO.BioHub.API.Http.Extensions\WHO.BioHub.API.Http.Extensions.csproj", "{813366FD-8AA4-4CA2-A670-0B1DA3B53B29}"
EndProject
Project("{9A19103F-16F7-4668-BE54-9A1E7A4F7556}") = "WHO.BioHub.DAL.Migrator", "be\src\WHO.BioHub.DAL.Migrator\WHO.BioHub.DAL.Migrator.csproj", "{A7462470-DA3D-43F5-A6EA-366A42A49AA0}"
EndProject
Project("{9A19103F-16F7-4668-BE54-9A1E7A4F7556}") = "WHO.BioHub.DAL.Seeder", "be\src\WHO.BioHub.DAL.Seeder\WHO.BioHub.DAL.Seeder.csproj", "{C3EC8E54-0CD0-46CE-9E65-EBFF6E5BFEF5}"
EndProject
Project("{9A19103F-16F7-4668-BE54-9A1E7A4F7556}") = "WHO.BioHub.DAL", "be\src\WHO.BioHub.DAL\WHO.BioHub.DAL.csproj", "{3F868122-FD88-4E72-AB46-096C90C371A1}"
EndProject
Project("{9A19103F-16F7-4668-BE54-9A1E7A4F7556}") = "WHO.BioHub.Models", "be\src\WHO.BioHub.Models\WHO.BioHub.Models.csproj", "{0B3AD2E3-FAE0-4B42-95D3-F9EADE290892}"
EndProject
Project("{9A19103F-16F7-4668-BE54-9A1E7A4F7556}") = "WHO.BioHub.Shared", "be\src\WHO.BioHub.Shared\WHO.BioHub.Shared.csproj", "{702C337C-DD10-46A9-ADF7-427EAEF0F055}"
EndProject
Project("{2150E333-8FDC-42A3-9474-1A3956D46DE8}") = "tests", "tests", "{72F85874-D11E-47B6-B21D-77BA29C44C83}"
EndProject
Project("{2150E333-8FDC-42A3-9474-1A3956D46DE8}") = "DataManagement", "DataManagement", "{93FE695E-91DA-468B-9A4B-5C1306223345}"
EndProject
Project("{9A19103F-16F7-4668-BE54-9A1E7A4F7556}") = "WHO.BioHub.DataManagement.Core.UnitTests", "..\tests\be\DataManagement\WHO.BioHub.DataManagement.Core.UnitTests\WHO.BioHub.DataManagement.Core.UnitTests.csproj", "{1FD1F8D8-5649-4D5A-96D6-0FE4C4BF96AC}"
EndProject
Project("{2150E333-8FDC-42A3-9474-1A3956D46DE8}") = "src", "src", "{AF524C44-7FF7-46E9-9DEE-1FF0D39FBB55}"
EndProject
Project("{9A19103F-16F7-4668-BE54-9A1E7A4F7556}") = "WHO.BioHub.DocumentManagement.FunctionApp", "be\src\DocumentManagement\WHO.BioHub.DocumentManagement.FunctionApp\WHO.BioHub.DocumentManagement.FunctionApp.csproj", "{C058C731-222E-4C0B-8542-6881F60FE835}"
EndProject
Project("{2150E333-8FDC-42A3-9474-1A3956D46DE8}") = "Search", "Search", "{2DD41AA5-BA2A-45FC-A12C-7D14EB295795}"
EndProject
Project("{9A19103F-16F7-4668-BE54-9A1E7A4F7556}") = "WHO.BioHub.Search.FunctionApp", "be\src\Search\WHO.BioHub.Search.FunctionApp\WHO.BioHub.Search.FunctionApp.csproj", "{AB98649D-426D-4A8F-B8C9-F76CE0EED1E3}"
EndProject
Project("{9A19103F-16F7-4668-BE54-9A1E7A4F7556}") = "WHO.BioHub.Search.Core", "be\src\Search\WHO.BioHub.Search.Core\WHO.BioHub.Search.Core.csproj", "{6ABC0C47-FA71-4236-8E9C-26658A6D8D56}"
EndProject
Project("{9A19103F-16F7-4668-BE54-9A1E7A4F7556}") = "WHO.BioHub.Search.API.Http", "be\src\Search\WHO.BioHub.Search.API.Http\WHO.BioHub.Search.API.Http.csproj", "{E89364A9-07B9-4315-83B7-1F01C7E5092D}"
EndProject
Project("{9A19103F-16F7-4668-BE54-9A1E7A4F7556}") = "WHO.BioHub.Search.SQL", "be\src\Search\WHO.BioHub.Search.SQL\WHO.BioHub.Search.SQL.csproj", "{D693C3C2-40E5-495C-8780-54147646AEBF}"
EndProject
Project("{2150E333-8FDC-42A3-9474-1A3956D46DE8}") = "PublicData", "PublicData", "{FFF7E13E-94A6-4DB2-915D-E75576E0C50F}"
EndProject
Project("{9A19103F-16F7-4668-BE54-9A1E7A4F7556}") = "WHO.BioHub.PublicData.Core", "be\src\PublicData\WHO.BioHub.PublicData.Core\WHO.BioHub.PublicData.Core.csproj", "{46FFB598-8B8D-4C29-866C-6A11772B1E09}"
EndProject
Project("{9A19103F-16F7-4668-BE54-9A1E7A4F7556}") = "WHO.BioHub.PublicData.FunctionApp", "be\src\PublicData\WHO.BioHub.PublicData.FunctionApp\WHO.BioHub.PublicData.FunctionApp.csproj", "{F85CC75F-655D-4E92-B940-D79543C26475}"
EndProject
Project("{9A19103F-16F7-4668-BE54-9A1E7A4F7556}") = "WHO.BioHub.PublicData.API.Http", "be\src\PublicData\WHO.BioHub.PublicData.API.Http\WHO.BioHub.PublicData.API.Http.csproj", "{2DED60A5-6FAF-431B-BF3B-7295C0A1CA8D}"
EndProject
Project("{9A19103F-16F7-4668-BE54-9A1E7A4F7556}") = "WHO.BioHub.PublicData.SQL", "be\src\PublicData\WHO.BioHub.PublicData.SQL\WHO.BioHub.PublicData.SQL.csproj", "{F9085C3B-246D-401F-896B-DC22432A7A33}"
EndProject
Project("{9A19103F-16F7-4668-BE54-9A1E7A4F7556}") = "WHO.BioHub.Identity", "be\src\WHO.BioHub.Identity\WHO.BioHub.Identity.csproj", "{90FE84E6-FBFC-478D-9E77-D965A12A9DDF}"
EndProject
Project("{9A19103F-16F7-4668-BE54-9A1E7A4F7556}") = "WHO.BioHub.Graph", "be\src\WHO.BioHub.Graph\WHO.BioHub.Graph.csproj", "{1CA2B8AB-D1C4-493B-9910-E3EEA18E937B}"
EndProject
Project("{9A19103F-16F7-4668-BE54-9A1E7A4F7556}") = "WHO.BioHub.StorageAccount", "be\src\WHO.BioHub.StorageAccount\WHO.BioHub.StorageAccount.csproj", "{A910C54C-C2C8-401E-A598-F9433DF75B3C}"
EndProject
Project("{9A19103F-16F7-4668-BE54-9A1E7A4F7556}") = "WHO.BioHub.WorkflowEngine", "be\src\WHO.BioHub.WorkflowEngine\WHO.BioHub.WorkflowEngine.csproj", "{047F5D98-BEE5-4805-A378-27F6CD281CEB}"
EndProject
Project("{9A19103F-16F7-4668-BE54-9A1E7A4F7556}") = "WHO.BioHub.Notifications", "be\src\WHO.BioHub.Notifications\WHO.BioHub.Notifications.csproj", "{3B55FBBA-5EF7-4A1C-9083-B4506194921A}"
EndProject
Project("{FAE04EC0-301F-11D3-BF4B-00C04F79EFBC}") = "WHO.BioHub.Captcha", "be\src\WHO.BioHub.Captcha\WHO.BioHub.Captcha.csproj", "{0BCBF44A-A584-4453-8532-86597043E465}"
EndProject
Global
	GlobalSection(SolutionConfigurationPlatforms) = preSolution
		Debug|Any CPU = Debug|Any CPU
		Release|Any CPU = Release|Any CPU
	EndGlobalSection
	GlobalSection(ProjectConfigurationPlatforms) = postSolution
		{44D07AB0-F1BD-437C-96EE-6498AB4C1D7E}.Debug|Any CPU.ActiveCfg = Debug|Any CPU
		{44D07AB0-F1BD-437C-96EE-6498AB4C1D7E}.Debug|Any CPU.Build.0 = Debug|Any CPU
		{44D07AB0-F1BD-437C-96EE-6498AB4C1D7E}.Release|Any CPU.ActiveCfg = Release|Any CPU
		{44D07AB0-F1BD-437C-96EE-6498AB4C1D7E}.Release|Any CPU.Build.0 = Release|Any CPU
		{1E48399B-EBBD-473F-A308-0FEB479B1889}.Debug|Any CPU.ActiveCfg = Debug|Any CPU
		{1E48399B-EBBD-473F-A308-0FEB479B1889}.Debug|Any CPU.Build.0 = Debug|Any CPU
		{1E48399B-EBBD-473F-A308-0FEB479B1889}.Release|Any CPU.ActiveCfg = Release|Any CPU
		{1E48399B-EBBD-473F-A308-0FEB479B1889}.Release|Any CPU.Build.0 = Release|Any CPU
		{F538FCC6-1346-4339-AC60-94F57EBF1DCF}.Debug|Any CPU.ActiveCfg = Debug|Any CPU
		{F538FCC6-1346-4339-AC60-94F57EBF1DCF}.Debug|Any CPU.Build.0 = Debug|Any CPU
		{F538FCC6-1346-4339-AC60-94F57EBF1DCF}.Release|Any CPU.ActiveCfg = Release|Any CPU
		{F538FCC6-1346-4339-AC60-94F57EBF1DCF}.Release|Any CPU.Build.0 = Release|Any CPU
		{23D0C054-1CB3-4854-94CA-BB3AE20C3579}.Debug|Any CPU.ActiveCfg = Debug|Any CPU
		{23D0C054-1CB3-4854-94CA-BB3AE20C3579}.Debug|Any CPU.Build.0 = Debug|Any CPU
		{23D0C054-1CB3-4854-94CA-BB3AE20C3579}.Release|Any CPU.ActiveCfg = Release|Any CPU
		{23D0C054-1CB3-4854-94CA-BB3AE20C3579}.Release|Any CPU.Build.0 = Release|Any CPU
		{BC358013-0011-46D0-9E9F-D7378A3412D8}.Debug|Any CPU.ActiveCfg = Debug|Any CPU
		{BC358013-0011-46D0-9E9F-D7378A3412D8}.Debug|Any CPU.Build.0 = Debug|Any CPU
		{BC358013-0011-46D0-9E9F-D7378A3412D8}.Release|Any CPU.ActiveCfg = Release|Any CPU
		{BC358013-0011-46D0-9E9F-D7378A3412D8}.Release|Any CPU.Build.0 = Release|Any CPU
		{813366FD-8AA4-4CA2-A670-0B1DA3B53B29}.Debug|Any CPU.ActiveCfg = Debug|Any CPU
		{813366FD-8AA4-4CA2-A670-0B1DA3B53B29}.Debug|Any CPU.Build.0 = Debug|Any CPU
		{813366FD-8AA4-4CA2-A670-0B1DA3B53B29}.Release|Any CPU.ActiveCfg = Release|Any CPU
		{813366FD-8AA4-4CA2-A670-0B1DA3B53B29}.Release|Any CPU.Build.0 = Release|Any CPU
		{A7462470-DA3D-43F5-A6EA-366A42A49AA0}.Debug|Any CPU.ActiveCfg = Debug|Any CPU
		{A7462470-DA3D-43F5-A6EA-366A42A49AA0}.Debug|Any CPU.Build.0 = Debug|Any CPU
		{A7462470-DA3D-43F5-A6EA-366A42A49AA0}.Release|Any CPU.ActiveCfg = Release|Any CPU
		{A7462470-DA3D-43F5-A6EA-366A42A49AA0}.Release|Any CPU.Build.0 = Release|Any CPU
		{C3EC8E54-0CD0-46CE-9E65-EBFF6E5BFEF5}.Debug|Any CPU.ActiveCfg = Debug|Any CPU
		{C3EC8E54-0CD0-46CE-9E65-EBFF6E5BFEF5}.Debug|Any CPU.Build.0 = Debug|Any CPU
		{C3EC8E54-0CD0-46CE-9E65-EBFF6E5BFEF5}.Release|Any CPU.ActiveCfg = Release|Any CPU
		{C3EC8E54-0CD0-46CE-9E65-EBFF6E5BFEF5}.Release|Any CPU.Build.0 = Release|Any CPU
		{3F868122-FD88-4E72-AB46-096C90C371A1}.Debug|Any CPU.ActiveCfg = Debug|Any CPU
		{3F868122-FD88-4E72-AB46-096C90C371A1}.Debug|Any CPU.Build.0 = Debug|Any CPU
		{3F868122-FD88-4E72-AB46-096C90C371A1}.Release|Any CPU.ActiveCfg = Release|Any CPU
		{3F868122-FD88-4E72-AB46-096C90C371A1}.Release|Any CPU.Build.0 = Release|Any CPU
		{0B3AD2E3-FAE0-4B42-95D3-F9EADE290892}.Debug|Any CPU.ActiveCfg = Debug|Any CPU
		{0B3AD2E3-FAE0-4B42-95D3-F9EADE290892}.Debug|Any CPU.Build.0 = Debug|Any CPU
		{0B3AD2E3-FAE0-4B42-95D3-F9EADE290892}.Release|Any CPU.ActiveCfg = Release|Any CPU
		{0B3AD2E3-FAE0-4B42-95D3-F9EADE290892}.Release|Any CPU.Build.0 = Release|Any CPU
		{702C337C-DD10-46A9-ADF7-427EAEF0F055}.Debug|Any CPU.ActiveCfg = Debug|Any CPU
		{702C337C-DD10-46A9-ADF7-427EAEF0F055}.Debug|Any CPU.Build.0 = Debug|Any CPU
		{702C337C-DD10-46A9-ADF7-427EAEF0F055}.Release|Any CPU.ActiveCfg = Release|Any CPU
		{702C337C-DD10-46A9-ADF7-427EAEF0F055}.Release|Any CPU.Build.0 = Release|Any CPU
		{1FD1F8D8-5649-4D5A-96D6-0FE4C4BF96AC}.Debug|Any CPU.ActiveCfg = Debug|Any CPU
		{1FD1F8D8-5649-4D5A-96D6-0FE4C4BF96AC}.Debug|Any CPU.Build.0 = Debug|Any CPU
		{1FD1F8D8-5649-4D5A-96D6-0FE4C4BF96AC}.Release|Any CPU.ActiveCfg = Release|Any CPU
		{1FD1F8D8-5649-4D5A-96D6-0FE4C4BF96AC}.Release|Any CPU.Build.0 = Release|Any CPU
		{C058C731-222E-4C0B-8542-6881F60FE835}.Debug|Any CPU.ActiveCfg = Debug|Any CPU
		{C058C731-222E-4C0B-8542-6881F60FE835}.Debug|Any CPU.Build.0 = Debug|Any CPU
		{C058C731-222E-4C0B-8542-6881F60FE835}.Release|Any CPU.ActiveCfg = Release|Any CPU
		{C058C731-222E-4C0B-8542-6881F60FE835}.Release|Any CPU.Build.0 = Release|Any CPU
		{AB98649D-426D-4A8F-B8C9-F76CE0EED1E3}.Debug|Any CPU.ActiveCfg = Debug|Any CPU
		{AB98649D-426D-4A8F-B8C9-F76CE0EED1E3}.Debug|Any CPU.Build.0 = Debug|Any CPU
		{AB98649D-426D-4A8F-B8C9-F76CE0EED1E3}.Release|Any CPU.ActiveCfg = Release|Any CPU
		{AB98649D-426D-4A8F-B8C9-F76CE0EED1E3}.Release|Any CPU.Build.0 = Release|Any CPU
		{6ABC0C47-FA71-4236-8E9C-26658A6D8D56}.Debug|Any CPU.ActiveCfg = Debug|Any CPU
		{6ABC0C47-FA71-4236-8E9C-26658A6D8D56}.Debug|Any CPU.Build.0 = Debug|Any CPU
		{6ABC0C47-FA71-4236-8E9C-26658A6D8D56}.Release|Any CPU.ActiveCfg = Release|Any CPU
		{6ABC0C47-FA71-4236-8E9C-26658A6D8D56}.Release|Any CPU.Build.0 = Release|Any CPU
		{E89364A9-07B9-4315-83B7-1F01C7E5092D}.Debug|Any CPU.ActiveCfg = Debug|Any CPU
		{E89364A9-07B9-4315-83B7-1F01C7E5092D}.Debug|Any CPU.Build.0 = Debug|Any CPU
		{E89364A9-07B9-4315-83B7-1F01C7E5092D}.Release|Any CPU.ActiveCfg = Release|Any CPU
		{E89364A9-07B9-4315-83B7-1F01C7E5092D}.Release|Any CPU.Build.0 = Release|Any CPU
		{D693C3C2-40E5-495C-8780-54147646AEBF}.Debug|Any CPU.ActiveCfg = Debug|Any CPU
		{D693C3C2-40E5-495C-8780-54147646AEBF}.Debug|Any CPU.Build.0 = Debug|Any CPU
		{D693C3C2-40E5-495C-8780-54147646AEBF}.Release|Any CPU.ActiveCfg = Release|Any CPU
		{D693C3C2-40E5-495C-8780-54147646AEBF}.Release|Any CPU.Build.0 = Release|Any CPU
		{46FFB598-8B8D-4C29-866C-6A11772B1E09}.Debug|Any CPU.ActiveCfg = Debug|Any CPU
		{46FFB598-8B8D-4C29-866C-6A11772B1E09}.Debug|Any CPU.Build.0 = Debug|Any CPU
		{46FFB598-8B8D-4C29-866C-6A11772B1E09}.Release|Any CPU.ActiveCfg = Release|Any CPU
		{46FFB598-8B8D-4C29-866C-6A11772B1E09}.Release|Any CPU.Build.0 = Release|Any CPU
		{F85CC75F-655D-4E92-B940-D79543C26475}.Debug|Any CPU.ActiveCfg = Debug|Any CPU
		{F85CC75F-655D-4E92-B940-D79543C26475}.Debug|Any CPU.Build.0 = Debug|Any CPU
		{F85CC75F-655D-4E92-B940-D79543C26475}.Release|Any CPU.ActiveCfg = Release|Any CPU
		{F85CC75F-655D-4E92-B940-D79543C26475}.Release|Any CPU.Build.0 = Release|Any CPU
		{2DED60A5-6FAF-431B-BF3B-7295C0A1CA8D}.Debug|Any CPU.ActiveCfg = Debug|Any CPU
		{2DED60A5-6FAF-431B-BF3B-7295C0A1CA8D}.Debug|Any CPU.Build.0 = Debug|Any CPU
		{2DED60A5-6FAF-431B-BF3B-7295C0A1CA8D}.Release|Any CPU.ActiveCfg = Release|Any CPU
		{2DED60A5-6FAF-431B-BF3B-7295C0A1CA8D}.Release|Any CPU.Build.0 = Release|Any CPU
		{F9085C3B-246D-401F-896B-DC22432A7A33}.Debug|Any CPU.ActiveCfg = Debug|Any CPU
		{F9085C3B-246D-401F-896B-DC22432A7A33}.Debug|Any CPU.Build.0 = Debug|Any CPU
		{F9085C3B-246D-401F-896B-DC22432A7A33}.Release|Any CPU.ActiveCfg = Release|Any CPU
		{F9085C3B-246D-401F-896B-DC22432A7A33}.Release|Any CPU.Build.0 = Release|Any CPU
		{90FE84E6-FBFC-478D-9E77-D965A12A9DDF}.Debug|Any CPU.ActiveCfg = Debug|Any CPU
		{90FE84E6-FBFC-478D-9E77-D965A12A9DDF}.Debug|Any CPU.Build.0 = Debug|Any CPU
		{90FE84E6-FBFC-478D-9E77-D965A12A9DDF}.Release|Any CPU.ActiveCfg = Release|Any CPU
		{90FE84E6-FBFC-478D-9E77-D965A12A9DDF}.Release|Any CPU.Build.0 = Release|Any CPU
		{1CA2B8AB-D1C4-493B-9910-E3EEA18E937B}.Debug|Any CPU.ActiveCfg = Debug|Any CPU
		{1CA2B8AB-D1C4-493B-9910-E3EEA18E937B}.Debug|Any CPU.Build.0 = Debug|Any CPU
		{1CA2B8AB-D1C4-493B-9910-E3EEA18E937B}.Release|Any CPU.ActiveCfg = Release|Any CPU
		{1CA2B8AB-D1C4-493B-9910-E3EEA18E937B}.Release|Any CPU.Build.0 = Release|Any CPU
		{A910C54C-C2C8-401E-A598-F9433DF75B3C}.Debug|Any CPU.ActiveCfg = Debug|Any CPU
		{A910C54C-C2C8-401E-A598-F9433DF75B3C}.Debug|Any CPU.Build.0 = Debug|Any CPU
		{A910C54C-C2C8-401E-A598-F9433DF75B3C}.Release|Any CPU.ActiveCfg = Release|Any CPU
		{A910C54C-C2C8-401E-A598-F9433DF75B3C}.Release|Any CPU.Build.0 = Release|Any CPU
		{047F5D98-BEE5-4805-A378-27F6CD281CEB}.Debug|Any CPU.ActiveCfg = Debug|Any CPU
		{047F5D98-BEE5-4805-A378-27F6CD281CEB}.Debug|Any CPU.Build.0 = Debug|Any CPU
		{047F5D98-BEE5-4805-A378-27F6CD281CEB}.Release|Any CPU.ActiveCfg = Release|Any CPU
		{047F5D98-BEE5-4805-A378-27F6CD281CEB}.Release|Any CPU.Build.0 = Release|Any CPU
		{3B55FBBA-5EF7-4A1C-9083-B4506194921A}.Debug|Any CPU.ActiveCfg = Debug|Any CPU
		{3B55FBBA-5EF7-4A1C-9083-B4506194921A}.Debug|Any CPU.Build.0 = Debug|Any CPU
		{3B55FBBA-5EF7-4A1C-9083-B4506194921A}.Release|Any CPU.ActiveCfg = Release|Any CPU
		{3B55FBBA-5EF7-4A1C-9083-B4506194921A}.Release|Any CPU.Build.0 = Release|Any CPU
		{0BCBF44A-A584-4453-8532-86597043E465}.Debug|Any CPU.ActiveCfg = Debug|Any CPU
		{0BCBF44A-A584-4453-8532-86597043E465}.Debug|Any CPU.Build.0 = Debug|Any CPU
		{0BCBF44A-A584-4453-8532-86597043E465}.Release|Any CPU.ActiveCfg = Release|Any CPU
		{0BCBF44A-A584-4453-8532-86597043E465}.Release|Any CPU.Build.0 = Release|Any CPU
	EndGlobalSection
	GlobalSection(SolutionProperties) = preSolution
		HideSolutionNode = FALSE
	EndGlobalSection
	GlobalSection(NestedProjects) = preSolution
		{EE0757AA-C7C2-4C9E-9E41-28FC75CF31DB} = {AF524C44-7FF7-46E9-9DEE-1FF0D39FBB55}
		{44D07AB0-F1BD-437C-96EE-6498AB4C1D7E} = {EE0757AA-C7C2-4C9E-9E41-28FC75CF31DB}
		{1E48399B-EBBD-473F-A308-0FEB479B1889} = {EE0757AA-C7C2-4C9E-9E41-28FC75CF31DB}
		{8783CA27-086F-4464-901D-886360400851} = {AF524C44-7FF7-46E9-9DEE-1FF0D39FBB55}
		{F538FCC6-1346-4339-AC60-94F57EBF1DCF} = {8783CA27-086F-4464-901D-886360400851}
		{23D0C054-1CB3-4854-94CA-BB3AE20C3579} = {8783CA27-086F-4464-901D-886360400851}
		{BC358013-0011-46D0-9E9F-D7378A3412D8} = {8783CA27-086F-4464-901D-886360400851}
		{813366FD-8AA4-4CA2-A670-0B1DA3B53B29} = {AF524C44-7FF7-46E9-9DEE-1FF0D39FBB55}
		{A7462470-DA3D-43F5-A6EA-366A42A49AA0} = {AF524C44-7FF7-46E9-9DEE-1FF0D39FBB55}
		{C3EC8E54-0CD0-46CE-9E65-EBFF6E5BFEF5} = {AF524C44-7FF7-46E9-9DEE-1FF0D39FBB55}
		{3F868122-FD88-4E72-AB46-096C90C371A1} = {AF524C44-7FF7-46E9-9DEE-1FF0D39FBB55}
		{0B3AD2E3-FAE0-4B42-95D3-F9EADE290892} = {AF524C44-7FF7-46E9-9DEE-1FF0D39FBB55}
		{702C337C-DD10-46A9-ADF7-427EAEF0F055} = {AF524C44-7FF7-46E9-9DEE-1FF0D39FBB55}
		{72F85874-D11E-47B6-B21D-77BA29C44C83} = {A5A7A252-17AD-4DE9-B0CD-7EACD667806E}
		{93FE695E-91DA-468B-9A4B-5C1306223345} = {72F85874-D11E-47B6-B21D-77BA29C44C83}
		{1FD1F8D8-5649-4D5A-96D6-0FE4C4BF96AC} = {93FE695E-91DA-468B-9A4B-5C1306223345}
		{AF524C44-7FF7-46E9-9DEE-1FF0D39FBB55} = {A5A7A252-17AD-4DE9-B0CD-7EACD667806E}
		{C058C731-222E-4C0B-8542-6881F60FE835} = {EE0757AA-C7C2-4C9E-9E41-28FC75CF31DB}
		{2DD41AA5-BA2A-45FC-A12C-7D14EB295795} = {AF524C44-7FF7-46E9-9DEE-1FF0D39FBB55}
		{AB98649D-426D-4A8F-B8C9-F76CE0EED1E3} = {2DD41AA5-BA2A-45FC-A12C-7D14EB295795}
		{6ABC0C47-FA71-4236-8E9C-26658A6D8D56} = {2DD41AA5-BA2A-45FC-A12C-7D14EB295795}
		{E89364A9-07B9-4315-83B7-1F01C7E5092D} = {2DD41AA5-BA2A-45FC-A12C-7D14EB295795}
		{D693C3C2-40E5-495C-8780-54147646AEBF} = {2DD41AA5-BA2A-45FC-A12C-7D14EB295795}
		{FFF7E13E-94A6-4DB2-915D-E75576E0C50F} = {AF524C44-7FF7-46E9-9DEE-1FF0D39FBB55}
		{46FFB598-8B8D-4C29-866C-6A11772B1E09} = {FFF7E13E-94A6-4DB2-915D-E75576E0C50F}
		{F85CC75F-655D-4E92-B940-D79543C26475} = {FFF7E13E-94A6-4DB2-915D-E75576E0C50F}
		{2DED60A5-6FAF-431B-BF3B-7295C0A1CA8D} = {FFF7E13E-94A6-4DB2-915D-E75576E0C50F}
		{F9085C3B-246D-401F-896B-DC22432A7A33} = {FFF7E13E-94A6-4DB2-915D-E75576E0C50F}
		{90FE84E6-FBFC-478D-9E77-D965A12A9DDF} = {AF524C44-7FF7-46E9-9DEE-1FF0D39FBB55}
		{1CA2B8AB-D1C4-493B-9910-E3EEA18E937B} = {AF524C44-7FF7-46E9-9DEE-1FF0D39FBB55}
		{A910C54C-C2C8-401E-A598-F9433DF75B3C} = {AF524C44-7FF7-46E9-9DEE-1FF0D39FBB55}
		{047F5D98-BEE5-4805-A378-27F6CD281CEB} = {AF524C44-7FF7-46E9-9DEE-1FF0D39FBB55}
		{3B55FBBA-5EF7-4A1C-9083-B4506194921A} = {AF524C44-7FF7-46E9-9DEE-1FF0D39FBB55}
		{0BCBF44A-A584-4453-8532-86597043E465} = {AF524C44-7FF7-46E9-9DEE-1FF0D39FBB55}
	EndGlobalSection
	GlobalSection(ExtensibilityGlobals) = postSolution
		SolutionGuid = {082F4ECB-FF76-484F-912B-670B8C539F52}
	EndGlobalSection
EndGlobal
